
Microsoft Visual Studio Solution File, Format Version 12.00
# Visual Studio Version 16
VisualStudioVersion = 16.0.29613.14
MinimumVisualStudioVersion = 10.0.40219.1
Project("{FAE04EC0-301F-11D3-BF4B-00C04F79EFBC}") = "Connect4Algorithm", "Connect4Algorithm\Connect4Algorithm.csproj", "{8FFC2997-0350-453A-97DC-68B911EB7C7B}"
EndProject
Global
	GlobalSection(SolutionConfigurationPlatforms) = preSolution
		Debug|Any CPU = Debug|Any CPU
		Release|Any CPU = Release|Any CPU
	EndGlobalSection
	GlobalSection(ProjectConfigurationPlatforms) = postSolution
		{8FFC2997-0350-453A-97DC-68B911EB7C7B}.Debug|Any CPU.ActiveCfg = Debug|Any CPU
		{8FFC2997-0350-453A-97DC-68B911EB7C7B}.Debug|Any CPU.Build.0 = Debug|Any CPU
		{8FFC2997-0350-453A-97DC-68B911EB7C7B}.Release|Any CPU.ActiveCfg = Release|Any CPU
		{8FFC2997-0350-453A-97DC-68B911EB7C7B}.Release|Any CPU.Build.0 = Release|Any CPU
	EndGlobalSection
	GlobalSection(SolutionProperties) = preSolution
		HideSolutionNode = FALSE
	EndGlobalSection
	GlobalSection(ExtensibilityGlobals) = postSolution
		SolutionGuid = {48EC5F75-A52B-4130-866F-A994256594DA}
	EndGlobalSection
EndGlobal
